// !$*UTF8*$!
{
	archiveVersion = 1;
	classes = {
	};
	objectVersion = 55;
	objects = {

/* Begin PBXBuildFile section */
		48D6931D2A2F5FB100E940EC /* AppDelegate.swift in Sources */ = {isa = PBXBuildFile; fileRef = 48D6931C2A2F5FB100E940EC /* AppDelegate.swift */; };
		48D6931F2A2F5FB100E940EC /* SceneDelegate.swift in Sources */ = {isa = PBXBuildFile; fileRef = 48D6931E2A2F5FB100E940EC /* SceneDelegate.swift */; };
		48D693212A2F5FB100E940EC /* ViewController.swift in Sources */ = {isa = PBXBuildFile; fileRef = 48D693202A2F5FB100E940EC /* ViewController.swift */; };
		48D693242A2F5FB100E940EC /* Main.storyboard in Resources */ = {isa = PBXBuildFile; fileRef = 48D693222A2F5FB100E940EC /* Main.storyboard */; };
		48D693262A2F5FB200E940EC /* Assets.xcassets in Resources */ = {isa = PBXBuildFile; fileRef = 48D693252A2F5FB200E940EC /* Assets.xcassets */; };
		48D693292A2F5FB200E940EC /* LaunchScreen.storyboard in Resources */ = {isa = PBXBuildFile; fileRef = 48D693272A2F5FB200E940EC /* LaunchScreen.storyboard */; };
		D8476E64F1640236280A21A2 /* Pods_CocoaManagerDependences.framework in Frameworks */ = {isa = PBXBuildFile; fileRef = 1033E80E9D8CA8782A6F5305 /* Pods_CocoaManagerDependences.framework */; };
/* End PBXBuildFile section */

/* Begin PBXFileReference section */
		1033E80E9D8CA8782A6F5305 /* Pods_CocoaManagerDependences.framework */ = {isa = PBXFileReference; explicitFileType = wrapper.framework; includeInIndex = 0; path = Pods_CocoaManagerDependences.framework; sourceTree = BUILT_PRODUCTS_DIR; };
		48D693192A2F5FB100E940EC /* CocoaManagerDependences.app */ = {isa = PBXFileReference; explicitFileType = wrapper.application; includeInIndex = 0; path = CocoaManagerDependences.app; sourceTree = BUILT_PRODUCTS_DIR; };
		48D6931C2A2F5FB100E940EC /* AppDelegate.swift */ = {isa = PBXFileReference; lastKnownFileType = sourcecode.swift; path = AppDelegate.swift; sourceTree = "<group>"; };
		48D6931E2A2F5FB100E940EC /* SceneDelegate.swift */ = {isa = PBXFileReference; lastKnownFileType = sourcecode.swift; path = SceneDelegate.swift; sourceTree = "<group>"; };
		48D693202A2F5FB100E940EC /* ViewController.swift */ = {isa = PBXFileReference; lastKnownFileType = sourcecode.swift; path = ViewController.swift; sourceTree = "<group>"; };
		48D693232A2F5FB100E940EC /* Base */ = {isa = PBXFileReference; lastKnownFileType = file.storyboard; name = Base; path = Base.lproj/Main.storyboard; sourceTree = "<group>"; };
		48D693252A2F5FB200E940EC /* Assets.xcassets */ = {isa = PBXFileReference; lastKnownFileType = folder.assetcatalog; path = Assets.xcassets; sourceTree = "<group>"; };
		48D693282A2F5FB200E940EC /* Base */ = {isa = PBXFileReference; lastKnownFileType = file.storyboard; name = Base; path = Base.lproj/LaunchScreen.storyboard; sourceTree = "<group>"; };
		48D6932A2A2F5FB200E940EC /* Info.plist */ = {isa = PBXFileReference; lastKnownFileType = text.plist.xml; path = Info.plist; sourceTree = "<group>"; };
		5002812E345F80FAADAE7CF7 /* Pods-CocoaManagerDependences.release.xcconfig */ = {isa = PBXFileReference; includeInIndex = 1; lastKnownFileType = text.xcconfig; name = "Pods-CocoaManagerDependences.release.xcconfig"; path = "Target Support Files/Pods-CocoaManagerDependences/Pods-CocoaManagerDependences.release.xcconfig"; sourceTree = "<group>"; };
		ADEA53BF46DFC0C96DD53F74 /* Pods-CocoaManagerDependences.debug.xcconfig */ = {isa = PBXFileReference; includeInIndex = 1; lastKnownFileType = text.xcconfig; name = "Pods-CocoaManagerDependences.debug.xcconfig"; path = "Target Support Files/Pods-CocoaManagerDependences/Pods-CocoaManagerDependences.debug.xcconfig"; sourceTree = "<group>"; };
/* End PBXFileReference section */

/* Begin PBXFrameworksBuildPhase section */
		48D693162A2F5FB100E940EC /* Frameworks */ = {
			isa = PBXFrameworksBuildPhase;
			buildActionMask = 2147483647;
			files = (
				D8476E64F1640236280A21A2 /* Pods_CocoaManagerDependences.framework in Frameworks */,
			);
			runOnlyForDeploymentPostprocessing = 0;
		};
/* End PBXFrameworksBuildPhase section */

/* Begin PBXGroup section */
		48D693102A2F5FB100E940EC = {
			isa = PBXGroup;
			children = (
				48D6931B2A2F5FB100E940EC /* CocoaManagerDependences */,
				48D6931A2A2F5FB100E940EC /* Products */,
				64C6C72D341591FE8FA16F60 /* Pods */,
				B89E5BC781498F22CECD1D31 /* Frameworks */,
			);
			sourceTree = "<group>";
		};
		48D6931A2A2F5FB100E940EC /* Products */ = {
			isa = PBXGroup;
			children = (
				48D693192A2F5FB100E940EC /* CocoaManagerDependences.app */,
			);
			name = Products;
			sourceTree = "<group>";
		};
		48D6931B2A2F5FB100E940EC /* CocoaManagerDependences */ = {
			isa = PBXGroup;
			children = (
				48D6931C2A2F5FB100E940EC /* AppDelegate.swift */,
				48D6931E2A2F5FB100E940EC /* SceneDelegate.swift */,
				48D693202A2F5FB100E940EC /* ViewController.swift */,
				48D693222A2F5FB100E940EC /* Main.storyboard */,
				48D693252A2F5FB200E940EC /* Assets.xcassets */,
				48D693272A2F5FB200E940EC /* LaunchScreen.storyboard */,
				48D6932A2A2F5FB200E940EC /* Info.plist */,
			);
			path = CocoaManagerDependences;
			sourceTree = "<group>";
		};
		64C6C72D341591FE8FA16F60 /* Pods */ = {
			isa = PBXGroup;
			children = (
				ADEA53BF46DFC0C96DD53F74 /* Pods-CocoaManagerDependences.debug.xcconfig */,
				5002812E345F80FAADAE7CF7 /* Pods-CocoaManagerDependences.release.xcconfig */,
			);
			name = Pods;
			path = Pods;
			sourceTree = "<group>";
		};
		B89E5BC781498F22CECD1D31 /* Frameworks */ = {
			isa = PBXGroup;
			children = (
				1033E80E9D8CA8782A6F5305 /* Pods_CocoaManagerDependences.framework */,
			);
			name = Frameworks;
			sourceTree = "<group>";
		};
/* End PBXGroup section */

/* Begin PBXNativeTarget section */
		48D693182A2F5FB100E940EC /* CocoaManagerDependences */ = {
			isa = PBXNativeTarget;
			buildConfigurationList = 48D6932D2A2F5FB200E940EC /* Build configuration list for PBXNativeTarget "CocoaManagerDependences" */;
			buildPhases = (
				1AD626B567EAD2E484BB7AA4 /* [CP] Check Pods Manifest.lock */,
				48D693152A2F5FB100E940EC /* Sources */,
				48D693162A2F5FB100E940EC /* Frameworks */,
				48D693172A2F5FB100E940EC /* Resources */,
				592C310D351193797CC196FF /* [CP] Embed Pods Frameworks */,
			);
			buildRules = (
			);
			dependencies = (
			);
			name = CocoaManagerDependences;
			productName = CocoaManagerDependences;
			productReference = 48D693192A2F5FB100E940EC /* CocoaManagerDependences.app */;
			productType = "com.apple.product-type.application";
		};
/* End PBXNativeTarget section */

/* Begin PBXProject section */
		48D693112A2F5FB100E940EC /* Project object */ = {
			isa = PBXProject;
			attributes = {
				BuildIndependentTargetsInParallel = 1;
				LastSwiftUpdateCheck = 1420;
				LastUpgradeCheck = 1420;
				TargetAttributes = {
					48D693182A2F5FB100E940EC = {
						CreatedOnToolsVersion = 14.2;
					};
				};
			};
			buildConfigurationList = 48D693142A2F5FB100E940EC /* Build configuration list for PBXProject "CocoaManagerDependences" */;
			compatibilityVersion = "Xcode 13.0";
			developmentRegion = en;
			hasScannedForEncodings = 0;
			knownRegions = (
				en,
				Base,
			);
			mainGroup = 48D693102A2F5FB100E940EC;
			productRefGroup = 48D6931A2A2F5FB100E940EC /* Products */;
			projectDirPath = "";
			projectRoot = "";
			targets = (
				48D693182A2F5FB100E940EC /* CocoaManagerDependences */,
			);
		};
/* End PBXProject section */

/* Begin PBXResourcesBuildPhase section */
		48D693172A2F5FB100E940EC /* Resources */ = {
			isa = PBXResourcesBuildPhase;
			buildActionMask = 2147483647;
			files = (
				48D693292A2F5FB200E940EC /* LaunchScreen.storyboard in Resources */,
				48D693262A2F5FB200E940EC /* Assets.xcassets in Resources */,
				48D693242A2F5FB100E940EC /* Main.storyboard in Resources */,
			);
			runOnlyForDeploymentPostprocessing = 0;
		};
/* End PBXResourcesBuildPhase section */

/* Begin PBXShellScriptBuildPhase section */
		1AD626B567EAD2E484BB7AA4 /* [CP] Check Pods Manifest.lock */ = {
			isa = PBXShellScriptBuildPhase;
			buildActionMask = 2147483647;
			files = (
			);
			inputFileListPaths = (
			);
			inputPaths = (
				"${PODS_PODFILE_DIR_PATH}/Podfile.lock",
				"${PODS_ROOT}/Manifest.lock",
			);
			name = "[CP] Check Pods Manifest.lock";
			outputFileListPaths = (
			);
			outputPaths = (
				"$(DERIVED_FILE_DIR)/Pods-CocoaManagerDependences-checkManifestLockResult.txt",
			);
			runOnlyForDeploymentPostprocessing = 0;
			shellPath = /bin/sh;
			shellScript = "diff \"${PODS_PODFILE_DIR_PATH}/Podfile.lock\" \"${PODS_ROOT}/Manifest.lock\" > /dev/null\nif [ $? != 0 ] ; then\n    # print error to STDERR\n    echo \"error: The sandbox is not in sync with the Podfile.lock. Run 'pod install' or update your CocoaPods installation.\" >&2\n    exit 1\nfi\n# This output is used by Xcode 'outputs' to avoid re-running this script phase.\necho \"SUCCESS\" > \"${SCRIPT_OUTPUT_FILE_0}\"\n";
			showEnvVarsInLog = 0;
		};
		592C310D351193797CC196FF /* [CP] Embed Pods Frameworks */ = {
			isa = PBXShellScriptBuildPhase;
			buildActionMask = 2147483647;
			files = (
			);
			inputFileListPaths = (
				"${PODS_ROOT}/Target Support Files/Pods-CocoaManagerDependences/Pods-CocoaManagerDependences-frameworks-${CONFIGURATION}-input-files.xcfilelist",
			);
			name = "[CP] Embed Pods Frameworks";
			outputFileListPaths = (
				"${PODS_ROOT}/Target Support Files/Pods-CocoaManagerDependences/Pods-CocoaManagerDependences-frameworks-${CONFIGURATION}-output-files.xcfilelist",
			);
			runOnlyForDeploymentPostprocessing = 0;
			shellPath = /bin/sh;
			shellScript = "\"${PODS_ROOT}/Target Support Files/Pods-CocoaManagerDependences/Pods-CocoaManagerDependences-frameworks.sh\"\n";
			showEnvVarsInLog = 0;
		};
/* End PBXShellScriptBuildPhase section */

/* Begin PBXSourcesBuildPhase section */
		48D693152A2F5FB100E940EC /* Sources */ = {
			isa = PBXSourcesBuildPhase;
			buildActionMask = 2147483647;
			files = (
				48D693212A2F5FB100E940EC /* ViewController.swift in Sources */,
				48D6931D2A2F5FB100E940EC /* AppDelegate.swift in Sources */,
				48D6931F2A2F5FB100E940EC /* SceneDelegate.swift in Sources */,
			);
			runOnlyForDeploymentPostprocessing = 0;
		};
/* End PBXSourcesBuildPhase section */

/* Begin PBXVariantGroup section */
		48D693222A2F5FB100E940EC /* Main.storyboard */ = {
			isa = PBXVariantGroup;
			children = (
				48D693232A2F5FB100E940EC /* Base */,
			);
			name = Main.storyboard;
			sourceTree = "<group>";
		};
		48D693272A2F5FB200E940EC /* LaunchScreen.storyboard */ = {
			isa = PBXVariantGroup;
			children = (
				48D693282A2F5FB200E940EC /* Base */,
			);
			name = LaunchScreen.storyboard;
			sourceTree = "<group>";
		};
/* End PBXVariantGroup section */

/* Begin XCBuildConfiguration section */
		48D6932B2A2F5FB200E940EC /* Debug */ = {
			isa = XCBuildConfiguration;
			buildSettings = {
				ALWAYS_SEARCH_USER_PATHS = NO;
				CLANG_ANALYZER_NONNULL = YES;
				CLANG_ANALYZER_NUMBER_OBJECT_CONVERSION = YES_AGGRESSIVE;
				CLANG_CXX_LANGUAGE_STANDARD = "gnu++20";
				CLANG_ENABLE_MODULES = YES;
				CLANG_ENABLE_OBJC_ARC = YES;
				CLANG_ENABLE_OBJC_WEAK = YES;
				CLANG_WARN_BLOCK_CAPTURE_AUTORELEASING = YES;
				CLANG_WARN_BOOL_CONVERSION = YES;
				CLANG_WARN_COMMA = YES;
				CLANG_WARN_CONSTANT_CONVERSION = YES;
				CLANG_WARN_DEPRECATED_OBJC_IMPLEMENTATIONS = YES;
				CLANG_WARN_DIRECT_OBJC_ISA_USAGE = YES_ERROR;
				CLANG_WARN_DOCUMENTATION_COMMENTS = YES;
				CLANG_WARN_EMPTY_BODY = YES;
				CLANG_WARN_ENUM_CONVERSION = YES;
				CLANG_WARN_INFINITE_RECURSION = YES;
				CLANG_WARN_INT_CONVERSION = YES;
				CLANG_WARN_NON_LITERAL_NULL_CONVERSION = YES;
				CLANG_WARN_OBJC_IMPLICIT_RETAIN_SELF = YES;
				CLANG_WARN_OBJC_LITERAL_CONVERSION = YES;
				CLANG_WARN_OBJC_ROOT_CLASS = YES_ERROR;
				CLANG_WARN_QUOTED_INCLUDE_IN_FRAMEWORK_HEADER = YES;
				CLANG_WARN_RANGE_LOOP_ANALYSIS = YES;
				CLANG_WARN_STRICT_PROTOTYPES = YES;
				CLANG_WARN_SUSPICIOUS_MOVE = YES;
				CLANG_WARN_UNGUARDED_AVAILABILITY = YES_AGGRESSIVE;
				CLANG_WARN_UNREACHABLE_CODE = YES;
				CLANG_WARN__DUPLICATE_METHOD_MATCH = YES;
				COPY_PHASE_STRIP = NO;
				DEBUG_INFORMATION_FORMAT = dwarf;
				ENABLE_STRICT_OBJC_MSGSEND = YES;
				ENABLE_TESTABILITY = YES;
				GCC_C_LANGUAGE_STANDARD = gnu11;
				GCC_DYNAMIC_NO_PIC = NO;
				GCC_NO_COMMON_BLOCKS = YES;
				GCC_OPTIMIZATION_LEVEL = 0;
				GCC_PREPROCESSOR_DEFINITIONS = (
					"DEBUG=1",
					"$(inherited)",
				);
				GCC_WARN_64_TO_32_BIT_CONVERSION = YES;
				GCC_WARN_ABOUT_RETURN_TYPE = YES_ERROR;
				GCC_WARN_UNDECLARED_SELECTOR = YES;
				GCC_WARN_UNINITIALIZED_AUTOS = YES_AGGRESSIVE;
				GCC_WARN_UNUSED_FUNCTION = YES;
				GCC_WARN_UNUSED_VARIABLE = YES;
				IPHONEOS_DEPLOYMENT_TARGET = 16.2;
				MTL_ENABLE_DEBUG_INFO = INCLUDE_SOURCE;
				MTL_FAST_MATH = YES;
				ONLY_ACTIVE_ARCH = YES;
				SDKROOT = iphoneos;
				SWIFT_ACTIVE_COMPILATION_CONDITIONS = DEBUG;
				SWIFT_OPTIMIZATION_LEVEL = "-Onone";
			};
			name = Debug;
		};
		48D6932C2A2F5FB200E940EC /* Release */ = {
			isa = XCBuildConfiguration;
			buildSettings = {
				ALWAYS_SEARCH_USER_PATHS = NO;
				CLANG_ANALYZER_NONNULL = YES;
				CLANG_ANALYZER_NUMBER_OBJECT_CONVERSION = YES_AGGRESSIVE;
				CLANG_CXX_LANGUAGE_STANDARD = "gnu++20";
				CLANG_ENABLE_MODULES = YES;
				CLANG_ENABLE_OBJC_ARC = YES;
				CLANG_ENABLE_OBJC_WEAK = YES;
				CLANG_WARN_BLOCK_CAPTURE_AUTORELEASING = YES;
				CLANG_WARN_BOOL_CONVERSION = YES;
				CLANG_WARN_COMMA = YES;
				CLANG_WARN_CONSTANT_CONVERSION = YES;
				CLANG_WARN_DEPRECATED_OBJC_IMPLEMENTATIONS = YES;
				CLANG_WARN_DIRECT_OBJC_ISA_USAGE = YES_ERROR;
				CLANG_WARN_DOCUMENTATION_COMMENTS = YES;
				CLANG_WARN_EMPTY_BODY = YES;
				CLANG_WARN_ENUM_CONVERSION = YES;
				CLANG_WARN_INFINITE_RECURSION = YES;
				CLANG_WARN_INT_CONVERSION = YES;
				CLANG_WARN_NON_LITERAL_NULL_CONVERSION = YES;
				CLANG_WARN_OBJC_IMPLICIT_RETAIN_SELF = YES;
				CLANG_WARN_OBJC_LITERAL_CONVERSION = YES;
				CLANG_WARN_OBJC_ROOT_CLASS = YES_ERROR;
				CLANG_WARN_QUOTED_INCLUDE_IN_FRAMEWORK_HEADER = YES;
				CLANG_WARN_RANGE_LOOP_ANALYSIS = YES;
				CLANG_WARN_STRICT_PROTOTYPES = YES;
				CLANG_WARN_SUSPICIOUS_MOVE = YES;
				CLANG_WARN_UNGUARDED_AVAILABILITY = YES_AGGRESSIVE;
				CLANG_WARN_UNREACHABLE_CODE = YES;
				CLANG_WARN__DUPLICATE_METHOD_MATCH = YES;
				COPY_PHASE_STRIP = NO;
				DEBUG_INFORMATION_FORMAT = "dwarf-with-dsym";
				ENABLE_NS_ASSERTIONS = NO;
				ENABLE_STRICT_OBJC_MSGSEND = YES;
				GCC_C_LANGUAGE_STANDARD = gnu11;
				GCC_NO_COMMON_BLOCKS = YES;
				GCC_WARN_64_TO_32_BIT_CONVERSION = YES;
				GCC_WARN_ABOUT_RETURN_TYPE = YES_ERROR;
				GCC_WARN_UNDECLARED_SELECTOR = YES;
				GCC_WARN_UNINITIALIZED_AUTOS = YES_AGGRESSIVE;
				GCC_WARN_UNUSED_FUNCTION = YES;
				GCC_WARN_UNUSED_VARIABLE = YES;
				IPHONEOS_DEPLOYMENT_TARGET = 16.2;
				MTL_ENABLE_DEBUG_INFO = NO;
				MTL_FAST_MATH = YES;
				SDKROOT = iphoneos;
				SWIFT_COMPILATION_MODE = wholemodule;
				SWIFT_OPTIMIZATION_LEVEL = "-O";
				VALIDATE_PRODUCT = YES;
			};
			name = Release;
		};
		48D6932E2A2F5FB200E940EC /* Debug */ = {
			isa = XCBuildConfiguration;
			baseConfigurationReference = ADEA53BF46DFC0C96DD53F74 /* Pods-CocoaManagerDependences.debug.xcconfig */;
			buildSettings = {
				ASSETCATALOG_COMPILER_APPICON_NAME = AppIcon;
				ASSETCATALOG_COMPILER_GLOBAL_ACCENT_COLOR_NAME = AccentColor;
				CODE_SIGN_STYLE = Automatic;
				CURRENT_PROJECT_VERSION = 1;
				DEVELOPMENT_TEAM = 5CV5G78G36;
				GENERATE_INFOPLIST_FILE = YES;
				INFOPLIST_FILE = CocoaManagerDependences/Info.plist;
				INFOPLIST_KEY_UIApplicationSupportsIndirectInputEvents = YES;
				INFOPLIST_KEY_UILaunchStoryboardName = LaunchScreen;
				INFOPLIST_KEY_UIMainStoryboardFile = Main;
				INFOPLIST_KEY_UISupportedInterfaceOrientations_iPad = "UIInterfaceOrientationPortrait UIInterfaceOrientationPortraitUpsideDown UIInterfaceOrientationLandscapeLeft UIInterfaceOrientationLandscapeRight";
				INFOPLIST_KEY_UISupportedInterfaceOrientations_iPhone = "UIInterfaceOrientationPortrait UIInterfaceOrientationLandscapeLeft UIInterfaceOrientationLandscapeRight";
				IPHONEOS_DEPLOYMENT_TARGET = 13.3;
				LD_RUNPATH_SEARCH_PATHS = (
					"$(inherited)",
					"@executable_path/Frameworks",
				);
				MARKETING_VERSION = 1.0;
				PRODUCT_BUNDLE_IDENTIFIER = com.morona.CocoaManagerDependences;
				PRODUCT_NAME = "$(TARGET_NAME)";
				SUPPORTED_PLATFORMS = "iphoneos iphonesimulator";
				SUPPORTS_MACCATALYST = NO;
				SUPPORTS_MAC_DESIGNED_FOR_IPHONE_IPAD = NO;
				SWIFT_EMIT_LOC_STRINGS = YES;
				SWIFT_VERSION = 5.0;
				TARGETED_DEVICE_FAMILY = 1;
			};
			name = Debug;
		};
		48D6932F2A2F5FB200E940EC /* Release */ = {
			isa = XCBuildConfiguration;
			baseConfigurationReference = 5002812E345F80FAADAE7CF7 /* Pods-CocoaManagerDependences.release.xcconfig */;
			buildSettings = {
				ASSETCATALOG_COMPILER_APPICON_NAME = AppIcon;
				ASSETCATALOG_COMPILER_GLOBAL_ACCENT_COLOR_NAME = AccentColor;
				CODE_SIGN_STYLE = Automatic;
				CURRENT_PROJECT_VERSION = 1;
				DEVELOPMENT_TEAM = 5CV5G78G36;
				GENERATE_INFOPLIST_FILE = YES;
				INFOPLIST_FILE = CocoaManagerDependences/Info.plist;
				INFOPLIST_KEY_UIApplicationSupportsIndirectInputEvents = YES;
				INFOPLIST_KEY_UILaunchStoryboardName = LaunchScreen;
				INFOPLIST_KEY_UIMainStoryboardFile = Main;
				INFOPLIST_KEY_UISupportedInterfaceOrientations_iPad = "UIInterfaceOrientationPortrait UIInterfaceOrientationPortraitUpsideDown UIInterfaceOrientationLandscapeLeft UIInterfaceOrientationLandscapeRight";
				INFOPLIST_KEY_UISupportedInterfaceOrientations_iPhone = "UIInterfaceOrientationPortrait UIInterfaceOrientationLandscapeLeft UIInterfaceOrientationLandscapeRight";
				IPHONEOS_DEPLOYMENT_TARGET = 13.3;
				LD_RUNPATH_SEARCH_PATHS = (
					"$(inherited)",
					"@executable_path/Frameworks",
				);
				MARKETING_VERSION = 1.0;
				PRODUCT_BUNDLE_IDENTIFIER = com.morona.CocoaManagerDependences;
				PRODUCT_NAME = "$(TARGET_NAME)";
				SUPPORTED_PLATFORMS = "iphoneos iphonesimulator";
				SUPPORTS_MACCATALYST = NO;
				SUPPORTS_MAC_DESIGNED_FOR_IPHONE_IPAD = NO;
				SWIFT_EMIT_LOC_STRINGS = YES;
				SWIFT_VERSION = 5.0;
				TARGETED_DEVICE_FAMILY = 1;
			};
			name = Release;
		};
/* End XCBuildConfiguration section */

/* Begin XCConfigurationList section */
		48D693142A2F5FB100E940EC /* Build configuration list for PBXProject "CocoaManagerDependences" */ = {
			isa = XCConfigurationList;
			buildConfigurations = (
				48D6932B2A2F5FB200E940EC /* Debug */,
				48D6932C2A2F5FB200E940EC /* Release */,
			);
			defaultConfigurationIsVisible = 0;
			defaultConfigurationName = Release;
		};
		48D6932D2A2F5FB200E940EC /* Build configuration list for PBXNativeTarget "CocoaManagerDependences" */ = {
			isa = XCConfigurationList;
			buildConfigurations = (
				48D6932E2A2F5FB200E940EC /* Debug */,
				48D6932F2A2F5FB200E940EC /* Release */,
			);
			defaultConfigurationIsVisible = 0;
			defaultConfigurationName = Release;
		};
/* End XCConfigurationList section */
	};
	rootObject = 48D693112A2F5FB100E940EC /* Project object */;
}
